
Microsoft Visual Studio Solution File, Format Version 12.00
# Visual Studio Version 17
VisualStudioVersion = 17.1.32407.343
MinimumVisualStudioVersion = 10.0.40219.1
Project("{FAE04EC0-301F-11D3-BF4B-00C04F79EFBC}") = "AutomationPractice", "AutomationPractice\AutomationPractice.csproj", "{13851038-8CD1-4F0E-B16B-8EAAF534BCD2}"
EndProject
Global
	GlobalSection(SolutionConfigurationPlatforms) = preSolution
		Debug|Any CPU = Debug|Any CPU
		Release|Any CPU = Release|Any CPU
	EndGlobalSection
	GlobalSection(ProjectConfigurationPlatforms) = postSolution
		{13851038-8CD1-4F0E-B16B-8EAAF534BCD2}.Debug|Any CPU.ActiveCfg = Debug|Any CPU
		{13851038-8CD1-4F0E-B16B-8EAAF534BCD2}.Debug|Any CPU.Build.0 = Debug|Any CPU
		{13851038-8CD1-4F0E-B16B-8EAAF534BCD2}.Release|Any CPU.ActiveCfg = Release|Any CPU
		{13851038-8CD1-4F0E-B16B-8EAAF534BCD2}.Release|Any CPU.Build.0 = Release|Any CPU
	EndGlobalSection
	GlobalSection(SolutionProperties) = preSolution
		HideSolutionNode = FALSE
	EndGlobalSection
	GlobalSection(ExtensibilityGlobals) = postSolution
		SolutionGuid = {7B60B8AE-1CEA-48A2-80DF-250EA25783EA}
	EndGlobalSection
EndGlobal
